// !$*UTF8*$!
{
	archiveVersion = 1;
	classes = {
	};
	objectVersion = 56;
	objects = {

/* Begin PBXBuildFile section */
		4D48F89D2C6BA9CA0023F777 /* CryptoAppApp.swift in Sources */ = {isa = PBXBuildFile; fileRef = 4D48F89C2C6BA9CA0023F777 /* CryptoAppApp.swift */; };
		4D48F89F2C6BA9CA0023F777 /* CryptoScreen.swift in Sources */ = {isa = PBXBuildFile; fileRef = 4D48F89E2C6BA9CA0023F777 /* CryptoScreen.swift */; };
		4D48F8A12C6BA9CB0023F777 /* Assets.xcassets in Resources */ = {isa = PBXBuildFile; fileRef = 4D48F8A02C6BA9CB0023F777 /* Assets.xcassets */; };
		4D48F8A42C6BA9CB0023F777 /* Preview Assets.xcassets in Resources */ = {isa = PBXBuildFile; fileRef = 4D48F8A32C6BA9CB0023F777 /* Preview Assets.xcassets */; };
		4D48F8AC2C6BA9FB0023F777 /* CryptoAPI.xcframework in Frameworks */ = {isa = PBXBuildFile; fileRef = 4D48F8AB2C6BA9FB0023F777 /* CryptoAPI.xcframework */; };
		4D48F8AE2C6BAA440023F777 /* CryptoViewModel.swift in Sources */ = {isa = PBXBuildFile; fileRef = 4D48F8AD2C6BAA440023F777 /* CryptoViewModel.swift */; };
		4D48F8B02C6BC43E0023F777 /* CoinModel.swift in Sources */ = {isa = PBXBuildFile; fileRef = 4D48F8AF2C6BC43E0023F777 /* CoinModel.swift */; };
		4D48F8B72C6C93FF0023F777 /* PersistenceService.swift in Sources */ = {isa = PBXBuildFile; fileRef = 4D48F8B62C6C93FF0023F777 /* PersistenceService.swift */; };
		4D48F8BF2C6C98410023F777 /* RealmSwift in Frameworks */ = {isa = PBXBuildFile; productRef = 4D48F8BE2C6C98410023F777 /* RealmSwift */; };
		4D48F8C12C6C98B90023F777 /* PersistentCoin.swift in Sources */ = {isa = PBXBuildFile; fileRef = 4D48F8C02C6C98B90023F777 /* PersistentCoin.swift */; };
		4D48F8C32C6CC3920023F777 /* CryptoCoinView.swift in Sources */ = {isa = PBXBuildFile; fileRef = 4D48F8C22C6CC3920023F777 /* CryptoCoinView.swift */; };
/* End PBXBuildFile section */

/* Begin PBXFileReference section */
		4D48F8992C6BA9CA0023F777 /* CryptoApp.app */ = {isa = PBXFileReference; explicitFileType = wrapper.application; includeInIndex = 0; path = CryptoApp.app; sourceTree = BUILT_PRODUCTS_DIR; };
		4D48F89C2C6BA9CA0023F777 /* CryptoAppApp.swift */ = {isa = PBXFileReference; lastKnownFileType = sourcecode.swift; path = CryptoAppApp.swift; sourceTree = "<group>"; };
		4D48F89E2C6BA9CA0023F777 /* CryptoScreen.swift */ = {isa = PBXFileReference; lastKnownFileType = sourcecode.swift; path = CryptoScreen.swift; sourceTree = "<group>"; };
		4D48F8A02C6BA9CB0023F777 /* Assets.xcassets */ = {isa = PBXFileReference; lastKnownFileType = folder.assetcatalog; path = Assets.xcassets; sourceTree = "<group>"; };
		4D48F8A32C6BA9CB0023F777 /* Preview Assets.xcassets */ = {isa = PBXFileReference; lastKnownFileType = folder.assetcatalog; path = "Preview Assets.xcassets"; sourceTree = "<group>"; };
		4D48F8AB2C6BA9FB0023F777 /* CryptoAPI.xcframework */ = {isa = PBXFileReference; lastKnownFileType = wrapper.xcframework; path = CryptoAPI.xcframework; sourceTree = "<group>"; };
		4D48F8AD2C6BAA440023F777 /* CryptoViewModel.swift */ = {isa = PBXFileReference; lastKnownFileType = sourcecode.swift; path = CryptoViewModel.swift; sourceTree = "<group>"; };
		4D48F8AF2C6BC43E0023F777 /* CoinModel.swift */ = {isa = PBXFileReference; lastKnownFileType = sourcecode.swift; path = CoinModel.swift; sourceTree = "<group>"; };
		4D48F8B62C6C93FF0023F777 /* PersistenceService.swift */ = {isa = PBXFileReference; lastKnownFileType = sourcecode.swift; path = PersistenceService.swift; sourceTree = "<group>"; };
		4D48F8C02C6C98B90023F777 /* PersistentCoin.swift */ = {isa = PBXFileReference; lastKnownFileType = sourcecode.swift; path = PersistentCoin.swift; sourceTree = "<group>"; };
		4D48F8C22C6CC3920023F777 /* CryptoCoinView.swift */ = {isa = PBXFileReference; lastKnownFileType = sourcecode.swift; path = CryptoCoinView.swift; sourceTree = "<group>"; };
/* End PBXFileReference section */

/* Begin PBXFrameworksBuildPhase section */
		4D48F8962C6BA9CA0023F777 /* Frameworks */ = {
			isa = PBXFrameworksBuildPhase;
			buildActionMask = 2147483647;
			files = (
				4D48F8BF2C6C98410023F777 /* RealmSwift in Frameworks */,
				4D48F8AC2C6BA9FB0023F777 /* CryptoAPI.xcframework in Frameworks */,
			);
			runOnlyForDeploymentPostprocessing = 0;
		};
/* End PBXFrameworksBuildPhase section */

/* Begin PBXGroup section */
		4D48F8902C6BA9CA0023F777 = {
			isa = PBXGroup;
			children = (
				4D48F8AA2C6BA9D00023F777 /* Frameworks */,
				4D48F89B2C6BA9CA0023F777 /* CryptoApp */,
				4D48F89A2C6BA9CA0023F777 /* Products */,
			);
			sourceTree = "<group>";
		};
		4D48F89A2C6BA9CA0023F777 /* Products */ = {
			isa = PBXGroup;
			children = (
				4D48F8992C6BA9CA0023F777 /* CryptoApp.app */,
			);
			name = Products;
			sourceTree = "<group>";
		};
		4D48F89B2C6BA9CA0023F777 /* CryptoApp */ = {
			isa = PBXGroup;
			children = (
				4D48F89C2C6BA9CA0023F777 /* CryptoAppApp.swift */,
				4D48F8B32C6C936A0023F777 /* Views */,
				4D48F8B52C6C93890023F777 /* Services */,
				4D48F8B42C6C937B0023F777 /* ViewModel */,
				4D48F8A02C6BA9CB0023F777 /* Assets.xcassets */,
				4D48F8A22C6BA9CB0023F777 /* Preview Content */,
			);
			path = CryptoApp;
			sourceTree = "<group>";
		};
		4D48F8A22C6BA9CB0023F777 /* Preview Content */ = {
			isa = PBXGroup;
			children = (
				4D48F8A32C6BA9CB0023F777 /* Preview Assets.xcassets */,
			);
			path = "Preview Content";
			sourceTree = "<group>";
		};
		4D48F8AA2C6BA9D00023F777 /* Frameworks */ = {
			isa = PBXGroup;
			children = (
				4D48F8AB2C6BA9FB0023F777 /* CryptoAPI.xcframework */,
			);
			path = Frameworks;
			sourceTree = "<group>";
		};
		4D48F8B32C6C936A0023F777 /* Views */ = {
			isa = PBXGroup;
			children = (
				4D48F89E2C6BA9CA0023F777 /* CryptoScreen.swift */,
				4D48F8C22C6CC3920023F777 /* CryptoCoinView.swift */,
			);
			path = Views;
			sourceTree = "<group>";
		};
		4D48F8B42C6C937B0023F777 /* ViewModel */ = {
			isa = PBXGroup;
			children = (
				4D48F8AD2C6BAA440023F777 /* CryptoViewModel.swift */,
				4D48F8AF2C6BC43E0023F777 /* CoinModel.swift */,
			);
			path = ViewModel;
			sourceTree = "<group>";
		};
		4D48F8B52C6C93890023F777 /* Services */ = {
			isa = PBXGroup;
			children = (
				4D48F8B62C6C93FF0023F777 /* PersistenceService.swift */,
				4D48F8C02C6C98B90023F777 /* PersistentCoin.swift */,
			);
			path = Services;
			sourceTree = "<group>";
		};
/* End PBXGroup section */

/* Begin PBXNativeTarget section */
		4D48F8982C6BA9CA0023F777 /* CryptoApp */ = {
			isa = PBXNativeTarget;
			buildConfigurationList = 4D48F8A72C6BA9CB0023F777 /* Build configuration list for PBXNativeTarget "CryptoApp" */;
			buildPhases = (
				4D48F8952C6BA9CA0023F777 /* Sources */,
				4D48F8962C6BA9CA0023F777 /* Frameworks */,
				4D48F8972C6BA9CA0023F777 /* Resources */,
			);
			buildRules = (
			);
			dependencies = (
			);
			name = CryptoApp;
			packageProductDependencies = (
				4D48F8BE2C6C98410023F777 /* RealmSwift */,
			);
			productName = CryptoApp;
			productReference = 4D48F8992C6BA9CA0023F777 /* CryptoApp.app */;
			productType = "com.apple.product-type.application";
		};
/* End PBXNativeTarget section */

/* Begin PBXProject section */
		4D48F8912C6BA9CA0023F777 /* Project object */ = {
			isa = PBXProject;
			attributes = {
				BuildIndependentTargetsInParallel = 1;
				LastSwiftUpdateCheck = 1500;
				LastUpgradeCheck = 1500;
				TargetAttributes = {
					4D48F8982C6BA9CA0023F777 = {
						CreatedOnToolsVersion = 15.0.1;
					};
				};
			};
			buildConfigurationList = 4D48F8942C6BA9CA0023F777 /* Build configuration list for PBXProject "CryptoApp" */;
			compatibilityVersion = "Xcode 14.0";
			developmentRegion = en;
			hasScannedForEncodings = 0;
			knownRegions = (
				en,
				Base,
			);
			mainGroup = 4D48F8902C6BA9CA0023F777;
			packageReferences = (
				4D48F8BD2C6C98410023F777 /* XCRemoteSwiftPackageReference "realm-swift" */,
			);
			productRefGroup = 4D48F89A2C6BA9CA0023F777 /* Products */;
			projectDirPath = "";
			projectRoot = "";
			targets = (
				4D48F8982C6BA9CA0023F777 /* CryptoApp */,
			);
		};
/* End PBXProject section */

/* Begin PBXResourcesBuildPhase section */
		4D48F8972C6BA9CA0023F777 /* Resources */ = {
			isa = PBXResourcesBuildPhase;
			buildActionMask = 2147483647;
			files = (
				4D48F8A42C6BA9CB0023F777 /* Preview Assets.xcassets in Resources */,
				4D48F8A12C6BA9CB0023F777 /* Assets.xcassets in Resources */,
			);
			runOnlyForDeploymentPostprocessing = 0;
		};
/* End PBXResourcesBuildPhase section */

/* Begin PBXSourcesBuildPhase section */
		4D48F8952C6BA9CA0023F777 /* Sources */ = {
			isa = PBXSourcesBuildPhase;
			buildActionMask = 2147483647;
			files = (
				4D48F8B72C6C93FF0023F777 /* PersistenceService.swift in Sources */,
				4D48F8C12C6C98B90023F777 /* PersistentCoin.swift in Sources */,
				4D48F8B02C6BC43E0023F777 /* CoinModel.swift in Sources */,
				4D48F89F2C6BA9CA0023F777 /* CryptoScreen.swift in Sources */,
				4D48F8C32C6CC3920023F777 /* CryptoCoinView.swift in Sources */,
				4D48F89D2C6BA9CA0023F777 /* CryptoAppApp.swift in Sources */,
				4D48F8AE2C6BAA440023F777 /* CryptoViewModel.swift in Sources */,
			);
			runOnlyForDeploymentPostprocessing = 0;
		};
/* End PBXSourcesBuildPhase section */

/* Begin XCBuildConfiguration section */
		4D48F8A52C6BA9CB0023F777 /* Debug */ = {
			isa = XCBuildConfiguration;
			buildSettings = {
				ALWAYS_SEARCH_USER_PATHS = NO;
				ASSETCATALOG_COMPILER_GENERATE_SWIFT_ASSET_SYMBOL_EXTENSIONS = YES;
				CLANG_ANALYZER_NONNULL = YES;
				CLANG_ANALYZER_NUMBER_OBJECT_CONVERSION = YES_AGGRESSIVE;
				CLANG_CXX_LANGUAGE_STANDARD = "gnu++20";
				CLANG_ENABLE_MODULES = YES;
				CLANG_ENABLE_OBJC_ARC = YES;
				CLANG_ENABLE_OBJC_WEAK = YES;
				CLANG_WARN_BLOCK_CAPTURE_AUTORELEASING = YES;
				CLANG_WARN_BOOL_CONVERSION = YES;
				CLANG_WARN_COMMA = YES;
				CLANG_WARN_CONSTANT_CONVERSION = YES;
				CLANG_WARN_DEPRECATED_OBJC_IMPLEMENTATIONS = YES;
				CLANG_WARN_DIRECT_OBJC_ISA_USAGE = YES_ERROR;
				CLANG_WARN_DOCUMENTATION_COMMENTS = YES;
				CLANG_WARN_EMPTY_BODY = YES;
				CLANG_WARN_ENUM_CONVERSION = YES;
				CLANG_WARN_INFINITE_RECURSION = YES;
				CLANG_WARN_INT_CONVERSION = YES;
				CLANG_WARN_NON_LITERAL_NULL_CONVERSION = YES;
				CLANG_WARN_OBJC_IMPLICIT_RETAIN_SELF = YES;
				CLANG_WARN_OBJC_LITERAL_CONVERSION = YES;
				CLANG_WARN_OBJC_ROOT_CLASS = YES_ERROR;
				CLANG_WARN_QUOTED_INCLUDE_IN_FRAMEWORK_HEADER = YES;
				CLANG_WARN_RANGE_LOOP_ANALYSIS = YES;
				CLANG_WARN_STRICT_PROTOTYPES = YES;
				CLANG_WARN_SUSPICIOUS_MOVE = YES;
				CLANG_WARN_UNGUARDED_AVAILABILITY = YES_AGGRESSIVE;
				CLANG_WARN_UNREACHABLE_CODE = YES;
				CLANG_WARN__DUPLICATE_METHOD_MATCH = YES;
				COPY_PHASE_STRIP = NO;
				DEBUG_INFORMATION_FORMAT = dwarf;
				ENABLE_STRICT_OBJC_MSGSEND = YES;
				ENABLE_TESTABILITY = YES;
				ENABLE_USER_SCRIPT_SANDBOXING = YES;
				GCC_C_LANGUAGE_STANDARD = gnu17;
				GCC_DYNAMIC_NO_PIC = NO;
				GCC_NO_COMMON_BLOCKS = YES;
				GCC_OPTIMIZATION_LEVEL = 0;
				GCC_PREPROCESSOR_DEFINITIONS = (
					"DEBUG=1",
					"$(inherited)",
				);
				GCC_WARN_64_TO_32_BIT_CONVERSION = YES;
				GCC_WARN_ABOUT_RETURN_TYPE = YES_ERROR;
				GCC_WARN_UNDECLARED_SELECTOR = YES;
				GCC_WARN_UNINITIALIZED_AUTOS = YES_AGGRESSIVE;
				GCC_WARN_UNUSED_FUNCTION = YES;
				GCC_WARN_UNUSED_VARIABLE = YES;
				IPHONEOS_DEPLOYMENT_TARGET = 17.0;
				LOCALIZATION_PREFERS_STRING_CATALOGS = YES;
				MTL_ENABLE_DEBUG_INFO = INCLUDE_SOURCE;
				MTL_FAST_MATH = YES;
				ONLY_ACTIVE_ARCH = YES;
				SDKROOT = iphoneos;
				SWIFT_ACTIVE_COMPILATION_CONDITIONS = "DEBUG $(inherited)";
				SWIFT_OPTIMIZATION_LEVEL = "-Onone";
			};
			name = Debug;
		};
		4D48F8A62C6BA9CB0023F777 /* Release */ = {
			isa = XCBuildConfiguration;
			buildSettings = {
				ALWAYS_SEARCH_USER_PATHS = NO;
				ASSETCATALOG_COMPILER_GENERATE_SWIFT_ASSET_SYMBOL_EXTENSIONS = YES;
				CLANG_ANALYZER_NONNULL = YES;
				CLANG_ANALYZER_NUMBER_OBJECT_CONVERSION = YES_AGGRESSIVE;
				CLANG_CXX_LANGUAGE_STANDARD = "gnu++20";
				CLANG_ENABLE_MODULES = YES;
				CLANG_ENABLE_OBJC_ARC = YES;
				CLANG_ENABLE_OBJC_WEAK = YES;
				CLANG_WARN_BLOCK_CAPTURE_AUTORELEASING = YES;
				CLANG_WARN_BOOL_CONVERSION = YES;
				CLANG_WARN_COMMA = YES;
				CLANG_WARN_CONSTANT_CONVERSION = YES;
				CLANG_WARN_DEPRECATED_OBJC_IMPLEMENTATIONS = YES;
				CLANG_WARN_DIRECT_OBJC_ISA_USAGE = YES_ERROR;
				CLANG_WARN_DOCUMENTATION_COMMENTS = YES;
				CLANG_WARN_EMPTY_BODY = YES;
				CLANG_WARN_ENUM_CONVERSION = YES;
				CLANG_WARN_INFINITE_RECURSION = YES;
				CLANG_WARN_INT_CONVERSION = YES;
				CLANG_WARN_NON_LITERAL_NULL_CONVERSION = YES;
				CLANG_WARN_OBJC_IMPLICIT_RETAIN_SELF = YES;
				CLANG_WARN_OBJC_LITERAL_CONVERSION = YES;
				CLANG_WARN_OBJC_ROOT_CLASS = YES_ERROR;
				CLANG_WARN_QUOTED_INCLUDE_IN_FRAMEWORK_HEADER = YES;
				CLANG_WARN_RANGE_LOOP_ANALYSIS = YES;
				CLANG_WARN_STRICT_PROTOTYPES = YES;
				CLANG_WARN_SUSPICIOUS_MOVE = YES;
				CLANG_WARN_UNGUARDED_AVAILABILITY = YES_AGGRESSIVE;
				CLANG_WARN_UNREACHABLE_CODE = YES;
				CLANG_WARN__DUPLICATE_METHOD_MATCH = YES;
				COPY_PHASE_STRIP = NO;
				DEBUG_INFORMATION_FORMAT = "dwarf-with-dsym";
				ENABLE_NS_ASSERTIONS = NO;
				ENABLE_STRICT_OBJC_MSGSEND = YES;
				ENABLE_USER_SCRIPT_SANDBOXING = YES;
				GCC_C_LANGUAGE_STANDARD = gnu17;
				GCC_NO_COMMON_BLOCKS = YES;
				GCC_WARN_64_TO_32_BIT_CONVERSION = YES;
				GCC_WARN_ABOUT_RETURN_TYPE = YES_ERROR;
				GCC_WARN_UNDECLARED_SELECTOR = YES;
				GCC_WARN_UNINITIALIZED_AUTOS = YES_AGGRESSIVE;
				GCC_WARN_UNUSED_FUNCTION = YES;
				GCC_WARN_UNUSED_VARIABLE = YES;
				IPHONEOS_DEPLOYMENT_TARGET = 17.0;
				LOCALIZATION_PREFERS_STRING_CATALOGS = YES;
				MTL_ENABLE_DEBUG_INFO = NO;
				MTL_FAST_MATH = YES;
				SDKROOT = iphoneos;
				SWIFT_COMPILATION_MODE = wholemodule;
				VALIDATE_PRODUCT = YES;
			};
			name = Release;
		};
		4D48F8A82C6BA9CB0023F777 /* Debug */ = {
			isa = XCBuildConfiguration;
			buildSettings = {
				ASSETCATALOG_COMPILER_APPICON_NAME = AppIcon;
				ASSETCATALOG_COMPILER_GLOBAL_ACCENT_COLOR_NAME = AccentColor;
				CODE_SIGN_STYLE = Automatic;
				CURRENT_PROJECT_VERSION = 1;
				DEVELOPMENT_ASSET_PATHS = "\"CryptoApp/Preview Content\"";
				DEVELOPMENT_TEAM = K44Q8K42T5;
				ENABLE_PREVIEWS = YES;
				GENERATE_INFOPLIST_FILE = YES;
				INFOPLIST_KEY_UIApplicationSceneManifest_Generation = YES;
				INFOPLIST_KEY_UIApplicationSupportsIndirectInputEvents = YES;
				INFOPLIST_KEY_UILaunchScreen_Generation = YES;
				INFOPLIST_KEY_UISupportedInterfaceOrientations_iPad = "UIInterfaceOrientationPortrait UIInterfaceOrientationPortraitUpsideDown UIInterfaceOrientationLandscapeLeft UIInterfaceOrientationLandscapeRight";
				INFOPLIST_KEY_UISupportedInterfaceOrientations_iPhone = "UIInterfaceOrientationPortrait UIInterfaceOrientationLandscapeLeft UIInterfaceOrientationLandscapeRight";
				LD_RUNPATH_SEARCH_PATHS = (
					"$(inherited)",
					"@executable_path/Frameworks",
				);
				MARKETING_VERSION = 1.0;
				PRODUCT_BUNDLE_IDENTIFIER = com.PatriciaCostin.CryptoApp;
				PRODUCT_NAME = "$(TARGET_NAME)";
				SWIFT_EMIT_LOC_STRINGS = YES;
				SWIFT_VERSION = 5.0;
				TARGETED_DEVICE_FAMILY = "1,2";
			};
			name = Debug;
		};
		4D48F8A92C6BA9CB0023F777 /* Release */ = {
			isa = XCBuildConfiguration;
			buildSettings = {
				ASSETCATALOG_COMPILER_APPICON_NAME = AppIcon;
				ASSETCATALOG_COMPILER_GLOBAL_ACCENT_COLOR_NAME = AccentColor;
				CODE_SIGN_STYLE = Automatic;
				CURRENT_PROJECT_VERSION = 1;
				DEVELOPMENT_ASSET_PATHS = "\"CryptoApp/Preview Content\"";
				DEVELOPMENT_TEAM = K44Q8K42T5;
				ENABLE_PREVIEWS = YES;
				GENERATE_INFOPLIST_FILE = YES;
				INFOPLIST_KEY_UIApplicationSceneManifest_Generation = YES;
				INFOPLIST_KEY_UIApplicationSupportsIndirectInputEvents = YES;
				INFOPLIST_KEY_UILaunchScreen_Generation = YES;
				INFOPLIST_KEY_UISupportedInterfaceOrientations_iPad = "UIInterfaceOrientationPortrait UIInterfaceOrientationPortraitUpsideDown UIInterfaceOrientationLandscapeLeft UIInterfaceOrientationLandscapeRight";
				INFOPLIST_KEY_UISupportedInterfaceOrientations_iPhone = "UIInterfaceOrientationPortrait UIInterfaceOrientationLandscapeLeft UIInterfaceOrientationLandscapeRight";
				LD_RUNPATH_SEARCH_PATHS = (
					"$(inherited)",
					"@executable_path/Frameworks",
				);
				MARKETING_VERSION = 1.0;
				PRODUCT_BUNDLE_IDENTIFIER = com.PatriciaCostin.CryptoApp;
				PRODUCT_NAME = "$(TARGET_NAME)";
				SWIFT_EMIT_LOC_STRINGS = YES;
				SWIFT_VERSION = 5.0;
				TARGETED_DEVICE_FAMILY = "1,2";
			};
			name = Release;
		};
/* End XCBuildConfiguration section */

/* Begin XCConfigurationList section */
		4D48F8942C6BA9CA0023F777 /* Build configuration list for PBXProject "CryptoApp" */ = {
			isa = XCConfigurationList;
			buildConfigurations = (
				4D48F8A52C6BA9CB0023F777 /* Debug */,
				4D48F8A62C6BA9CB0023F777 /* Release */,
			);
			defaultConfigurationIsVisible = 0;
			defaultConfigurationName = Release;
		};
		4D48F8A72C6BA9CB0023F777 /* Build configuration list for PBXNativeTarget "CryptoApp" */ = {
			isa = XCConfigurationList;
			buildConfigurations = (
				4D48F8A82C6BA9CB0023F777 /* Debug */,
				4D48F8A92C6BA9CB0023F777 /* Release */,
			);
			defaultConfigurationIsVisible = 0;
			defaultConfigurationName = Release;
		};
/* End XCConfigurationList section */

/* Begin XCRemoteSwiftPackageReference section */
		4D48F8BD2C6C98410023F777 /* XCRemoteSwiftPackageReference "realm-swift" */ = {
			isa = XCRemoteSwiftPackageReference;
			repositoryURL = "https://github.com/realm/realm-swift.git";
			requirement = {
				branch = master;
				kind = branch;
			};
		};
/* End XCRemoteSwiftPackageReference section */

/* Begin XCSwiftPackageProductDependency section */
		4D48F8BE2C6C98410023F777 /* RealmSwift */ = {
			isa = XCSwiftPackageProductDependency;
			package = 4D48F8BD2C6C98410023F777 /* XCRemoteSwiftPackageReference "realm-swift" */;
			productName = RealmSwift;
		};
/* End XCSwiftPackageProductDependency section */
	};
	rootObject = 4D48F8912C6BA9CA0023F777 /* Project object */;
}
